// !$*UTF8*$!
{
	archiveVersion = 1;
	classes = {
	};
	objectVersion = 56;
	objects = {

/* Begin PBXBuildFile section */
		9923B0A630303D6900FF5314 /* OtterlingApp.swift in Sources */ = {isa = PBXBuildFile; fileRef = 9923B0A530303D6900FF5314 /* OtterlingApp.swift */; };
		9923B0A830303D6900FF5314 /* ContentView.swift in Sources */ = {isa = PBXBuildFile; fileRef = 9923B0A730303D6900FF5314 /* ContentView.swift */; };
		9923B0AA30303D6A00FF5314 /* Assets.xcassets in Resources */ = {isa = PBXBuildFile; fileRef = 9923B0A930303D6A00FF5314 /* Assets.xcassets */; };
		9923B0AE30303D6A00FF5314 /* Preview Assets.xcassets in Resources */ = {isa = PBXBuildFile; fileRef = 9923B0AD30303D6A00FF5314 /* Preview Assets.xcassets */; };
		9923B0B830303D6B00FF5314 /* OtterlingTests.swift in Sources */ = {isa = PBXBuildFile; fileRef = 9923B0B730303D6B00FF5314 /* OtterlingTests.swift */; };
		9923B0C230303D6B00FF5314 /* OtterlingUITests.swift in Sources */ = {isa = PBXBuildFile; fileRef = 9923B0C130303D6B00FF5314 /* OtterlingUITests.swift */; };
		9923B0C430303D6B00FF5314 /* OtterlingUITestsLaunchTests.swift in Sources */ = {isa = PBXBuildFile; fileRef = 9923B0C330303D6B00FF5314 /* OtterlingUITestsLaunchTests.swift */; };
/* End PBXBuildFile section */

/* Begin PBXContainerItemProxy section */
		9923B0B430303D6B00FF5314 /* PBXContainerItemProxy */ = {
			isa = PBXContainerItemProxy;
			containerPortal = 9923B09A30303D6800FF5314 /* Project object */;
			proxyType = 1;
			remoteGlobalIDString = 9923B0A130303D6900FF5314;
			remoteInfo = Otterling;
		};
		9923B0BE30303D6B00FF5314 /* PBXContainerItemProxy */ = {
			isa = PBXContainerItemProxy;
			containerPortal = 9923B09A30303D6800FF5314 /* Project object */;
			proxyType = 1;
			remoteGlobalIDString = 9923B0A130303D6900FF5314;
			remoteInfo = Otterling;
		};
/* End PBXContainerItemProxy section */

/* Begin PBXFileReference section */
		9923B0A230303D6900FF5314 /* Otterling.app */ = {isa = PBXFileReference; explicitFileType = wrapper.application; includeInIndex = 0; path = Otterling.app; sourceTree = BUILT_PRODUCTS_DIR; };
		9923B0A530303D6900FF5314 /* OtterlingApp.swift */ = {isa = PBXFileReference; lastKnownFileType = sourcecode.swift; path = OtterlingApp.swift; sourceTree = "<group>"; };
		9923B0A730303D6900FF5314 /* ContentView.swift */ = {isa = PBXFileReference; lastKnownFileType = sourcecode.swift; path = ContentView.swift; sourceTree = "<group>"; };
		9923B0A930303D6A00FF5314 /* Assets.xcassets */ = {isa = PBXFileReference; lastKnownFileType = folder.assetcatalog; path = Assets.xcassets; sourceTree = "<group>"; };
		9923B0AB30303D6A00FF5314 /* Otterling.entitlements */ = {isa = PBXFileReference; lastKnownFileType = text.plist.entitlements; path = Otterling.entitlements; sourceTree = "<group>"; };
		9923B0AD30303D6A00FF5314 /* Preview Assets.xcassets */ = {isa = PBXFileReference; lastKnownFileType = folder.assetcatalog; path = "Preview Assets.xcassets"; sourceTree = "<group>"; };
		9923B0B330303D6B00FF5314 /* OtterlingTests.xctest */ = {isa = PBXFileReference; explicitFileType = wrapper.cfbundle; includeInIndex = 0; path = OtterlingTests.xctest; sourceTree = BUILT_PRODUCTS_DIR; };
		9923B0B730303D6B00FF5314 /* OtterlingTests.swift */ = {isa = PBXFileReference; lastKnownFileType = sourcecode.swift; path = OtterlingTests.swift; sourceTree = "<group>"; };
		9923B0BD30303D6B00FF5314 /* OtterlingUITests.xctest */ = {isa = PBXFileReference; explicitFileType = wrapper.cfbundle; includeInIndex = 0; path = OtterlingUITests.xctest; sourceTree = BUILT_PRODUCTS_DIR; };
		9923B0C130303D6B00FF5314 /* OtterlingUITests.swift */ = {isa = PBXFileReference; lastKnownFileType = sourcecode.swift; path = OtterlingUITests.swift; sourceTree = "<group>"; };
		9923B0C330303D6B00FF5314 /* OtterlingUITestsLaunchTests.swift */ = {isa = PBXFileReference; lastKnownFileType = sourcecode.swift; path = OtterlingUITestsLaunchTests.swift; sourceTree = "<group>"; };
/* End PBXFileReference section */

/* Begin PBXFrameworksBuildPhase section */
		9923B09F30303D6900FF5314 /* Frameworks */ = {
			isa = PBXFrameworksBuildPhase;
			buildActionMask = 2147483647;
			files = (
			);
			runOnlyForDeploymentPostprocessing = 0;
		};
		9923B0B030303D6B00FF5314 /* Frameworks */ = {
			isa = PBXFrameworksBuildPhase;
			buildActionMask = 2147483647;
			files = (
			);
			runOnlyForDeploymentPostprocessing = 0;
		};
		9923B0BA30303D6B00FF5314 /* Frameworks */ = {
			isa = PBXFrameworksBuildPhase;
			buildActionMask = 2147483647;
			files = (
			);
			runOnlyForDeploymentPostprocessing = 0;
		};
/* End PBXFrameworksBuildPhase section */

/* Begin PBXGroup section */
		9923B09930303D6800FF5314 = {
			isa = PBXGroup;
			children = (
				9923B0A430303D6900FF5314 /* Otterling */,
				9923B0B630303D6B00FF5314 /* OtterlingTests */,
				9923B0C030303D6B00FF5314 /* OtterlingUITests */,
				9923B0A330303D6900FF5314 /* Products */,
			);
			sourceTree = "<group>";
		};
		9923B0A330303D6900FF5314 /* Products */ = {
			isa = PBXGroup;
			children = (
				9923B0A230303D6900FF5314 /* Otterling.app */,
				9923B0B330303D6B00FF5314 /* OtterlingTests.xctest */,
				9923B0BD30303D6B00FF5314 /* OtterlingUITests.xctest */,
			);
			name = Products;
			sourceTree = "<group>";
		};
		9923B0A430303D6900FF5314 /* Otterling */ = {
			isa = PBXGroup;
			children = (
				9923B0A530303D6900FF5314 /* OtterlingApp.swift */,
				9923B0A730303D6900FF5314 /* ContentView.swift */,
				9923B0A930303D6A00FF5314 /* Assets.xcassets */,
				9923B0AB30303D6A00FF5314 /* Otterling.entitlements */,
				9923B0AC30303D6A00FF5314 /* Preview Content */,
			);
			path = Otterling;
			sourceTree = "<group>";
		};
		9923B0AC30303D6A00FF5314 /* Preview Content */ = {
			isa = PBXGroup;
			children = (
				9923B0AD30303D6A00FF5314 /* Preview Assets.xcassets */,
			);
			path = "Preview Content";
			sourceTree = "<group>";
		};
		9923B0B630303D6B00FF5314 /* OtterlingTests */ = {
			isa = PBXGroup;
			children = (
				9923B0B730303D6B00FF5314 /* OtterlingTests.swift */,
			);
			path = OtterlingTests;
			sourceTree = "<group>";
		};
		9923B0C030303D6B00FF5314 /* OtterlingUITests */ = {
			isa = PBXGroup;
			children = (
				9923B0C130303D6B00FF5314 /* OtterlingUITests.swift */,
				9923B0C330303D6B00FF5314 /* OtterlingUITestsLaunchTests.swift */,
			);
			path = OtterlingUITests;
			sourceTree = "<group>";
		};
/* End PBXGroup section */

/* Begin PBXNativeTarget section */
		9923B0A130303D6900FF5314 /* Otterling */ = {
			isa = PBXNativeTarget;
			buildConfigurationList = 9923B0C730303D6B00FF5314 /* Build configuration list for PBXNativeTarget "Otterling" */;
			buildPhases = (
				9923B09E30303D6900FF5314 /* Sources */,
				9923B09F30303D6900FF5314 /* Frameworks */,
				9923B0A030303D6900FF5314 /* Resources */,
			);
			buildRules = (
			);
			dependencies = (
			);
			name = Otterling;
			productName = Otterling;
			productReference = 9923B0A230303D6900FF5314 /* Otterling.app */;
			productType = "com.apple.product-type.application";
		};
		9923B0B230303D6B00FF5314 /* OtterlingTests */ = {
			isa = PBXNativeTarget;
			buildConfigurationList = 9923B0CA30303D6B00FF5314 /* Build configuration list for PBXNativeTarget "OtterlingTests" */;
			buildPhases = (
				9923B0AF30303D6B00FF5314 /* Sources */,
				9923B0B030303D6B00FF5314 /* Frameworks */,
				9923B0B130303D6B00FF5314 /* Resources */,
			);
			buildRules = (
			);
			dependencies = (
				9923B0B530303D6B00FF5314 /* PBXTargetDependency */,
			);
			name = OtterlingTests;
			productName = OtterlingTests;
			productReference = 9923B0B330303D6B00FF5314 /* OtterlingTests.xctest */;
			productType = "com.apple.product-type.bundle.unit-test";
		};
		9923B0BC30303D6B00FF5314 /* OtterlingUITests */ = {
			isa = PBXNativeTarget;
			buildConfigurationList = 9923B0CD30303D6B00FF5314 /* Build configuration list for PBXNativeTarget "OtterlingUITests" */;
			buildPhases = (
				9923B0B930303D6B00FF5314 /* Sources */,
				9923B0BA30303D6B00FF5314 /* Frameworks */,
				9923B0BB30303D6B00FF5314 /* Resources */,
			);
			buildRules = (
			);
			dependencies = (
				9923B0BF30303D6B00FF5314 /* PBXTargetDependency */,
			);
			name = OtterlingUITests;
			productName = OtterlingUITests;
			productReference = 9923B0BD30303D6B00FF5314 /* OtterlingUITests.xctest */;
			productType = "com.apple.product-type.bundle.ui-testing";
		};
/* End PBXNativeTarget section */

/* Begin PBXProject section */
		9923B09A30303D6800FF5314 /* Project object */ = {
			isa = PBXProject;
			attributes = {
				BuildIndependentTargetsInParallel = 1;
				LastSwiftUpdateCheck = 1520;
				LastUpgradeCheck = 1520;
				TargetAttributes = {
					9923B0A130303D6900FF5314 = {
						CreatedOnToolsVersion = 15.2;
					};
					9923B0B230303D6B00FF5314 = {
						CreatedOnToolsVersion = 15.2;
						TestTargetID = 9923B0A130303D6900FF5314;
					};
					9923B0BC30303D6B00FF5314 = {
						CreatedOnToolsVersion = 15.2;
						TestTargetID = 9923B0A130303D6900FF5314;
					};
				};
			};
			buildConfigurationList = 9923B09D30303D6800FF5314 /* Build configuration list for PBXProject "Otterling" */;
			compatibilityVersion = "Xcode 14.0";
			developmentRegion = en;
			hasScannedForEncodings = 0;
			knownRegions = (
				en,
				Base,
			);
			mainGroup = 9923B09930303D6800FF5314;
			productRefGroup = 9923B0A330303D6900FF5314 /* Products */;
			projectDirPath = "";
			projectRoot = "";
			targets = (
				9923B0A130303D6900FF5314 /* Otterling */,
				9923B0B230303D6B00FF5314 /* OtterlingTests */,
				9923B0BC30303D6B00FF5314 /* OtterlingUITests */,
			);
		};
/* End PBXProject section */

/* Begin PBXResourcesBuildPhase section */
		9923B0A030303D6900FF5314 /* Resources */ = {
			isa = PBXResourcesBuildPhase;
			buildActionMask = 2147483647;
			files = (
				9923B0AE30303D6A00FF5314 /* Preview Assets.xcassets in Resources */,
				9923B0AA30303D6A00FF5314 /* Assets.xcassets in Resources */,
			);
			runOnlyForDeploymentPostprocessing = 0;
		};
		9923B0B130303D6B00FF5314 /* Resources */ = {
			isa = PBXResourcesBuildPhase;
			buildActionMask = 2147483647;
			files = (
			);
			runOnlyForDeploymentPostprocessing = 0;
		};
		9923B0BB30303D6B00FF5314 /* Resources */ = {
			isa = PBXResourcesBuildPhase;
			buildActionMask = 2147483647;
			files = (
			);
			runOnlyForDeploymentPostprocessing = 0;
		};
/* End PBXResourcesBuildPhase section */

/* Begin PBXSourcesBuildPhase section */
		9923B09E30303D6900FF5314 /* Sources */ = {
			isa = PBXSourcesBuildPhase;
			buildActionMask = 2147483647;
			files = (
				9923B0A830303D6900FF5314 /* ContentView.swift in Sources */,
				9923B0A630303D6900FF5314 /* OtterlingApp.swift in Sources */,
			);
			runOnlyForDeploymentPostprocessing = 0;
		};
		9923B0AF30303D6B00FF5314 /* Sources */ = {
			isa = PBXSourcesBuildPhase;
			buildActionMask = 2147483647;
			files = (
				9923B0B830303D6B00FF5314 /* OtterlingTests.swift in Sources */,
			);
			runOnlyForDeploymentPostprocessing = 0;
		};
		9923B0B930303D6B00FF5314 /* Sources */ = {
			isa = PBXSourcesBuildPhase;
			buildActionMask = 2147483647;
			files = (
				9923B0C230303D6B00FF5314 /* OtterlingUITests.swift in Sources */,
				9923B0C430303D6B00FF5314 /* OtterlingUITestsLaunchTests.swift in Sources */,
			);
			runOnlyForDeploymentPostprocessing = 0;
		};
/* End PBXSourcesBuildPhase section */

/* Begin PBXTargetDependency section */
		9923B0B530303D6B00FF5314 /* PBXTargetDependency */ = {
			isa = PBXTargetDependency;
			target = 9923B0A130303D6900FF5314 /* Otterling */;
			targetProxy = 9923B0B430303D6B00FF5314 /* PBXContainerItemProxy */;
		};
		9923B0BF30303D6B00FF5314 /* PBXTargetDependency */ = {
			isa = PBXTargetDependency;
			target = 9923B0A130303D6900FF5314 /* Otterling */;
			targetProxy = 9923B0BE30303D6B00FF5314 /* PBXContainerItemProxy */;
		};
/* End PBXTargetDependency section */

/* Begin XCBuildConfiguration section */
		9923B0C530303D6B00FF5314 /* Debug */ = {
			isa = XCBuildConfiguration;
			buildSettings = {
				ALWAYS_SEARCH_USER_PATHS = NO;
				ASSETCATALOG_COMPILER_GENERATE_SWIFT_ASSET_SYMBOL_EXTENSIONS = YES;
				CLANG_ANALYZER_NONNULL = YES;
				CLANG_ANALYZER_NUMBER_OBJECT_CONVERSION = YES_AGGRESSIVE;
				CLANG_CXX_LANGUAGE_STANDARD = "gnu++20";
				CLANG_ENABLE_MODULES = YES;
				CLANG_ENABLE_OBJC_ARC = YES;
				CLANG_ENABLE_OBJC_WEAK = YES;
				CLANG_WARN_BLOCK_CAPTURE_AUTORELEASING = YES;
				CLANG_WARN_BOOL_CONVERSION = YES;
				CLANG_WARN_COMMA = YES;
				CLANG_WARN_CONSTANT_CONVERSION = YES;
				CLANG_WARN_DEPRECATED_OBJC_IMPLEMENTATIONS = YES;
				CLANG_WARN_DIRECT_OBJC_ISA_USAGE = YES_ERROR;
				CLANG_WARN_DOCUMENTATION_COMMENTS = YES;
				CLANG_WARN_EMPTY_BODY = YES;
				CLANG_WARN_ENUM_CONVERSION = YES;
				CLANG_WARN_INFINITE_RECURSION = YES;
				CLANG_WARN_INT_CONVERSION = YES;
				CLANG_WARN_NON_LITERAL_NULL_CONVERSION = YES;
				CLANG_WARN_OBJC_IMPLICIT_RETAIN_SELF = YES;
				CLANG_WARN_OBJC_LITERAL_CONVERSION = YES;
				CLANG_WARN_OBJC_ROOT_CLASS = YES_ERROR;
				CLANG_WARN_QUOTED_INCLUDE_IN_FRAMEWORK_HEADER = YES;
				CLANG_WARN_RANGE_LOOP_ANALYSIS = YES;
				CLANG_WARN_STRICT_PROTOTYPES = YES;
				CLANG_WARN_SUSPICIOUS_MOVE = YES;
				CLANG_WARN_UNGUARDED_AVAILABILITY = YES_AGGRESSIVE;
				CLANG_WARN_UNREACHABLE_CODE = YES;
				CLANG_WARN__DUPLICATE_METHOD_MATCH = YES;
				COPY_PHASE_STRIP = NO;
				DEBUG_INFORMATION_FORMAT = dwarf;
				ENABLE_STRICT_OBJC_MSGSEND = YES;
				ENABLE_TESTABILITY = YES;
				ENABLE_USER_SCRIPT_SANDBOXING = YES;
				GCC_C_LANGUAGE_STANDARD = gnu17;
				GCC_DYNAMIC_NO_PIC = NO;
				GCC_NO_COMMON_BLOCKS = YES;
				GCC_OPTIMIZATION_LEVEL = 0;
				GCC_PREPROCESSOR_DEFINITIONS = (
					"DEBUG=1",
					"$(inherited)",
				);
				GCC_WARN_64_TO_32_BIT_CONVERSION = YES;
				GCC_WARN_ABOUT_RETURN_TYPE = YES_ERROR;
				GCC_WARN_UNDECLARED_SELECTOR = YES;
				GCC_WARN_UNINITIALIZED_AUTOS = YES_AGGRESSIVE;
				GCC_WARN_UNUSED_FUNCTION = YES;
				GCC_WARN_UNUSED_VARIABLE = YES;
				LOCALIZATION_PREFERS_STRING_CATALOGS = YES;
				MTL_ENABLE_DEBUG_INFO = INCLUDE_SOURCE;
				MTL_FAST_MATH = YES;
				ONLY_ACTIVE_ARCH = YES;
				SWIFT_ACTIVE_COMPILATION_CONDITIONS = "DEBUG $(inherited)";
				SWIFT_OPTIMIZATION_LEVEL = "-Onone";
			};
			name = Debug;
		};
		9923B0C630303D6B00FF5314 /* Release */ = {
			isa = XCBuildConfiguration;
			buildSettings = {
				ALWAYS_SEARCH_USER_PATHS = NO;
				ASSETCATALOG_COMPILER_GENERATE_SWIFT_ASSET_SYMBOL_EXTENSIONS = YES;
				CLANG_ANALYZER_NONNULL = YES;
				CLANG_ANALYZER_NUMBER_OBJECT_CONVERSION = YES_AGGRESSIVE;
				CLANG_CXX_LANGUAGE_STANDARD = "gnu++20";
				CLANG_ENABLE_MODULES = YES;
				CLANG_ENABLE_OBJC_ARC = YES;
				CLANG_ENABLE_OBJC_WEAK = YES;
				CLANG_WARN_BLOCK_CAPTURE_AUTORELEASING = YES;
				CLANG_WARN_BOOL_CONVERSION = YES;
				CLANG_WARN_COMMA = YES;
				CLANG_WARN_CONSTANT_CONVERSION = YES;
				CLANG_WARN_DEPRECATED_OBJC_IMPLEMENTATIONS = YES;
				CLANG_WARN_DIRECT_OBJC_ISA_USAGE = YES_ERROR;
				CLANG_WARN_DOCUMENTATION_COMMENTS = YES;
				CLANG_WARN_EMPTY_BODY = YES;
				CLANG_WARN_ENUM_CONVERSION = YES;
				CLANG_WARN_INFINITE_RECURSION = YES;
				CLANG_WARN_INT_CONVERSION = YES;
				CLANG_WARN_NON_LITERAL_NULL_CONVERSION = YES;
				CLANG_WARN_OBJC_IMPLICIT_RETAIN_SELF = YES;
				CLANG_WARN_OBJC_LITERAL_CONVERSION = YES;
				CLANG_WARN_OBJC_ROOT_CLASS = YES_ERROR;
				CLANG_WARN_QUOTED_INCLUDE_IN_FRAMEWORK_HEADER = YES;
				CLANG_WARN_RANGE_LOOP_ANALYSIS = YES;
				CLANG_WARN_STRICT_PROTOTYPES = YES;
				CLANG_WARN_SUSPICIOUS_MOVE = YES;
				CLANG_WARN_UNGUARDED_AVAILABILITY = YES_AGGRESSIVE;
				CLANG_WARN_UNREACHABLE_CODE = YES;
				CLANG_WARN__DUPLICATE_METHOD_MATCH = YES;
				COPY_PHASE_STRIP = NO;
				DEBUG_INFORMATION_FORMAT = "dwarf-with-dsym";
				ENABLE_NS_ASSERTIONS = NO;
				ENABLE_STRICT_OBJC_MSGSEND = YES;
				ENABLE_USER_SCRIPT_SANDBOXING = YES;
				GCC_C_LANGUAGE_STANDARD = gnu17;
				GCC_NO_COMMON_BLOCKS = YES;
				GCC_WARN_64_TO_32_BIT_CONVERSION = YES;
				GCC_WARN_ABOUT_RETURN_TYPE = YES_ERROR;
				GCC_WARN_UNDECLARED_SELECTOR = YES;
				GCC_WARN_UNINITIALIZED_AUTOS = YES_AGGRESSIVE;
				GCC_WARN_UNUSED_FUNCTION = YES;
				GCC_WARN_UNUSED_VARIABLE = YES;
				LOCALIZATION_PREFERS_STRING_CATALOGS = YES;
				MTL_ENABLE_DEBUG_INFO = NO;
				MTL_FAST_MATH = YES;
				SWIFT_COMPILATION_MODE = wholemodule;
			};
			name = Release;
		};
		9923B0C830303D6B00FF5314 /* Debug */ = {
			isa = XCBuildConfiguration;
			buildSettings = {
				ASSETCATALOG_COMPILER_APPICON_NAME = AppIcon;
				ASSETCATALOG_COMPILER_GLOBAL_ACCENT_COLOR_NAME = AccentColor;
				CODE_SIGN_ENTITLEMENTS = Otterling/Otterling.entitlements;
				CODE_SIGN_STYLE = Automatic;
				CURRENT_PROJECT_VERSION = 1;
				DEVELOPMENT_ASSET_PATHS = "\"Otterling/Preview Content\"";
				DEVELOPMENT_TEAM = D4XJKWV7GY;
				ENABLE_HARDENED_RUNTIME = YES;
				ENABLE_PREVIEWS = YES;
				GENERATE_INFOPLIST_FILE = YES;
				"INFOPLIST_KEY_UIApplicationSceneManifest_Generation[sdk=iphoneos*]" = YES;
				"INFOPLIST_KEY_UIApplicationSceneManifest_Generation[sdk=iphonesimulator*]" = YES;
				"INFOPLIST_KEY_UIApplicationSupportsIndirectInputEvents[sdk=iphoneos*]" = YES;
				"INFOPLIST_KEY_UIApplicationSupportsIndirectInputEvents[sdk=iphonesimulator*]" = YES;
				"INFOPLIST_KEY_UILaunchScreen_Generation[sdk=iphoneos*]" = YES;
				"INFOPLIST_KEY_UILaunchScreen_Generation[sdk=iphonesimulator*]" = YES;
				"INFOPLIST_KEY_UIStatusBarStyle[sdk=iphoneos*]" = UIStatusBarStyleDefault;
				"INFOPLIST_KEY_UIStatusBarStyle[sdk=iphonesimulator*]" = UIStatusBarStyleDefault;
				INFOPLIST_KEY_UISupportedInterfaceOrientations_iPad = "UIInterfaceOrientationPortrait UIInterfaceOrientationPortraitUpsideDown UIInterfaceOrientationLandscapeLeft UIInterfaceOrientationLandscapeRight";
				INFOPLIST_KEY_UISupportedInterfaceOrientations_iPhone = "UIInterfaceOrientationPortrait UIInterfaceOrientationLandscapeLeft UIInterfaceOrientationLandscapeRight";
				IPHONEOS_DEPLOYMENT_TARGET = 17.2;
				LD_RUNPATH_SEARCH_PATHS = "@executable_path/Frameworks";
				"LD_RUNPATH_SEARCH_PATHS[sdk=macosx*]" = "@executable_path/../Frameworks";
				MACOSX_DEPLOYMENT_TARGET = 13.7;
				MARKETING_VERSION = 1.0;
				PRODUCT_BUNDLE_IDENTIFIER = app.Otterling;
				PRODUCT_NAME = "$(TARGET_NAME)";
				SDKROOT = auto;
				SUPPORTED_PLATFORMS = "iphoneos iphonesimulator macosx";
				SWIFT_EMIT_LOC_STRINGS = YES;
				SWIFT_VERSION = 5.0;
				TARGETED_DEVICE_FAMILY = "1,2";
			};
			name = Debug;
		};
		9923B0C930303D6B00FF5314 /* Release */ = {
			isa = XCBuildConfiguration;
			buildSettings = {
				ASSETCATALOG_COMPILER_APPICON_NAME = AppIcon;
				ASSETCATALOG_COMPILER_GLOBAL_ACCENT_COLOR_NAME = AccentColor;
				CODE_SIGN_ENTITLEMENTS = Otterling/Otterling.entitlements;
				CODE_SIGN_STYLE = Automatic;
				CURRENT_PROJECT_VERSION = 1;
				DEVELOPMENT_ASSET_PATHS = "\"Otterling/Preview Content\"";
				DEVELOPMENT_TEAM = D4XJKWV7GY;
				ENABLE_HARDENED_RUNTIME = YES;
				ENABLE_PREVIEWS = YES;
				GENERATE_INFOPLIST_FILE = YES;
				"INFOPLIST_KEY_UIApplicationSceneManifest_Generation[sdk=iphoneos*]" = YES;
				"INFOPLIST_KEY_UIApplicationSceneManifest_Generation[sdk=iphonesimulator*]" = YES;
				"INFOPLIST_KEY_UIApplicationSupportsIndirectInputEvents[sdk=iphoneos*]" = YES;
				"INFOPLIST_KEY_UIApplicationSupportsIndirectInputEvents[sdk=iphonesimulator*]" = YES;
				"INFOPLIST_KEY_UILaunchScreen_Generation[sdk=iphoneos*]" = YES;
				"INFOPLIST_KEY_UILaunchScreen_Generation[sdk=iphonesimulator*]" = YES;
				"INFOPLIST_KEY_UIStatusBarStyle[sdk=iphoneos*]" = UIStatusBarStyleDefault;
				"INFOPLIST_KEY_UIStatusBarStyle[sdk=iphonesimulator*]" = UIStatusBarStyleDefault;
				INFOPLIST_KEY_UISupportedInterfaceOrientations_iPad = "UIInterfaceOrientationPortrait UIInterfaceOrientationPortraitUpsideDown UIInterfaceOrientationLandscapeLeft UIInterfaceOrientationLandscapeRight";
				INFOPLIST_KEY_UISupportedInterfaceOrientations_iPhone = "UIInterfaceOrientationPortrait UIInterfaceOrientationLandscapeLeft UIInterfaceOrientationLandscapeRight";
				IPHONEOS_DEPLOYMENT_TARGET = 17.2;
				LD_RUNPATH_SEARCH_PATHS = "@executable_path/Frameworks";
				"LD_RUNPATH_SEARCH_PATHS[sdk=macosx*]" = "@executable_path/../Frameworks";
				MACOSX_DEPLOYMENT_TARGET = 13.7;
				MARKETING_VERSION = 1.0;
				PRODUCT_BUNDLE_IDENTIFIER = app.Otterling;
				PRODUCT_NAME = "$(TARGET_NAME)";
				SDKROOT = auto;
				SUPPORTED_PLATFORMS = "iphoneos iphonesimulator macosx";
				SWIFT_EMIT_LOC_STRINGS = YES;
				SWIFT_VERSION = 5.0;
				TARGETED_DEVICE_FAMILY = "1,2";
			};
			name = Release;
		};
		9923B0CB30303D6B00FF5314 /* Debug */ = {
			isa = XCBuildConfiguration;
			buildSettings = {
				ALWAYS_EMBED_SWIFT_STANDARD_LIBRARIES = YES;
				BUNDLE_LOADER = "$(TEST_HOST)";
				CODE_SIGN_STYLE = Automatic;
				CURRENT_PROJECT_VERSION = 1;
				DEVELOPMENT_TEAM = D4XJKWV7GY;
				GENERATE_INFOPLIST_FILE = YES;
				IPHONEOS_DEPLOYMENT_TARGET = 17.2;
				MACOSX_DEPLOYMENT_TARGET = 13.7;
				MARKETING_VERSION = 1.0;
				PRODUCT_BUNDLE_IDENTIFIER = app.OtterlingTests;
				PRODUCT_NAME = "$(TARGET_NAME)";
				SDKROOT = auto;
				SUPPORTED_PLATFORMS = "iphoneos iphonesimulator macosx";
				SWIFT_EMIT_LOC_STRINGS = NO;
				SWIFT_VERSION = 5.0;
				TARGETED_DEVICE_FAMILY = "1,2";
				TEST_HOST = "$(BUILT_PRODUCTS_DIR)/Otterling.app/$(BUNDLE_EXECUTABLE_FOLDER_PATH)/Otterling";
			};
			name = Debug;
		};
		9923B0CC30303D6B00FF5314 /* Release */ = {
			isa = XCBuildConfiguration;
			buildSettings = {
				ALWAYS_EMBED_SWIFT_STANDARD_LIBRARIES = YES;
				BUNDLE_LOADER = "$(TEST_HOST)";
				CODE_SIGN_STYLE = Automatic;
				CURRENT_PROJECT_VERSION = 1;
				DEVELOPMENT_TEAM = D4XJKWV7GY;
				GENERATE_INFOPLIST_FILE = YES;
				IPHONEOS_DEPLOYMENT_TARGET = 17.2;
				MACOSX_DEPLOYMENT_TARGET = 13.7;
				MARKETING_VERSION = 1.0;
				PRODUCT_BUNDLE_IDENTIFIER = app.OtterlingTests;
				PRODUCT_NAME = "$(TARGET_NAME)";
				SDKROOT = auto;
				SUPPORTED_PLATFORMS = "iphoneos iphonesimulator macosx";
				SWIFT_EMIT_LOC_STRINGS = NO;
				SWIFT_VERSION = 5.0;
				TARGETED_DEVICE_FAMILY = "1,2";
				TEST_HOST = "$(BUILT_PRODUCTS_DIR)/Otterling.app/$(BUNDLE_EXECUTABLE_FOLDER_PATH)/Otterling";
			};
			name = Release;
		};
		9923B0CE30303D6B00FF5314 /* Debug */ = {
			isa = XCBuildConfiguration;
			buildSettings = {
				ALWAYS_EMBED_SWIFT_STANDARD_LIBRARIES = YES;
				CODE_SIGN_STYLE = Automatic;
				CURRENT_PROJECT_VERSION = 1;
				DEVELOPMENT_TEAM = D4XJKWV7GY;
				GENERATE_INFOPLIST_FILE = YES;
				IPHONEOS_DEPLOYMENT_TARGET = 17.2;
				MACOSX_DEPLOYMENT_TARGET = 13.7;
				MARKETING_VERSION = 1.0;
				PRODUCT_BUNDLE_IDENTIFIER = app.OtterlingUITests;
				PRODUCT_NAME = "$(TARGET_NAME)";
				SDKROOT = auto;
				SUPPORTED_PLATFORMS = "iphoneos iphonesimulator macosx";
				SWIFT_EMIT_LOC_STRINGS = NO;
				SWIFT_VERSION = 5.0;
				TARGETED_DEVICE_FAMILY = "1,2";
				TEST_TARGET_NAME = Otterling;
			};
			name = Debug;
		};
		9923B0CF30303D6B00FF5314 /* Release */ = {
			isa = XCBuildConfiguration;
			buildSettings = {
				ALWAYS_EMBED_SWIFT_STANDARD_LIBRARIES = YES;
				CODE_SIGN_STYLE = Automatic;
				CURRENT_PROJECT_VERSION = 1;
				DEVELOPMENT_TEAM = D4XJKWV7GY;
				GENERATE_INFOPLIST_FILE = YES;
				IPHONEOS_DEPLOYMENT_TARGET = 17.2;
				MACOSX_DEPLOYMENT_TARGET = 13.7;
				MARKETING_VERSION = 1.0;
				PRODUCT_BUNDLE_IDENTIFIER = app.OtterlingUITests;
				PRODUCT_NAME = "$(TARGET_NAME)";
				SDKROOT = auto;
				SUPPORTED_PLATFORMS = "iphoneos iphonesimulator macosx";
				SWIFT_EMIT_LOC_STRINGS = NO;
				SWIFT_VERSION = 5.0;
				TARGETED_DEVICE_FAMILY = "1,2";
				TEST_TARGET_NAME = Otterling;
			};
			name = Release;
		};
/* End XCBuildConfiguration section */

/* Begin XCConfigurationList section */
		9923B09D30303D6800FF5314 /* Build configuration list for PBXProject "Otterling" */ = {
			isa = XCConfigurationList;
			buildConfigurations = (
				9923B0C530303D6B00FF5314 /* Debug */,
				9923B0C630303D6B00FF5314 /* Release */,
			);
			defaultConfigurationIsVisible = 0;
			defaultConfigurationName = Release;
		};
		9923B0C730303D6B00FF5314 /* Build configuration list for PBXNativeTarget "Otterling" */ = {
			isa = XCConfigurationList;
			buildConfigurations = (
				9923B0C830303D6B00FF5314 /* Debug */,
				9923B0C930303D6B00FF5314 /* Release */,
			);
			defaultConfigurationIsVisible = 0;
			defaultConfigurationName = Release;
		};
		9923B0CA30303D6B00FF5314 /* Build configuration list for PBXNativeTarget "OtterlingTests" */ = {
			isa = XCConfigurationList;
			buildConfigurations = (
				9923B0CB30303D6B00FF5314 /* Debug */,
				9923B0CC30303D6B00FF5314 /* Release */,
			);
			defaultConfigurationIsVisible = 0;
			defaultConfigurationName = Release;
		};
		9923B0CD30303D6B00FF5314 /* Build configuration list for PBXNativeTarget "OtterlingUITests" */ = {
			isa = XCConfigurationList;
			buildConfigurations = (
				9923B0CE30303D6B00FF5314 /* Debug */,
				9923B0CF30303D6B00FF5314 /* Release */,
			);
			defaultConfigurationIsVisible = 0;
			defaultConfigurationName = Release;
		};
/* End XCConfigurationList section */
	};
	rootObject = 9923B09A30303D6800FF5314 /* Project object */;
}
